{
    "_readme": [
        "This file locks the dependencies of your project to a known state",
        "Read more about it at https://getcomposer.org/doc/01-basic-usage.md#installing-dependencies",
        "This file is @generated automatically"
    ],
    "content-hash": "be981244121cadadf62814167215c52a",
    "packages": [
        {
            "name": "woothee/woothee",
            "version": "v1.10.0",
            "source": {
                "type": "git",
                "url": "https://github.com/woothee/woothee-php.git",
                "reference": "7f3665c180634b0b0f665b4c2fceb926724b251b"
            },
            "dist": {
                "type": "zip",
                "url": "https://api.github.com/repos/woothee/woothee-php/zipball/7f3665c180634b0b0f665b4c2fceb926724b251b",
                "reference": "7f3665c180634b0b0f665b4c2fceb926724b251b",
                "shasum": ""
            },
            "require": {
                "php": ">= 5.3.3"
            },
            "require-dev": {
                "php-coveralls/php-coveralls": "^2.1 || ^1.1",
                "phpunit/phpunit": "^7.5 || ^4.8",
                "symfony/yaml": "^4.2 || ^2.7"
            },
            "type": "library",
            "autoload": {
                "psr-4": {
                    "Woothee\\": "src/"
                }
            },
            "notification-url": "https://packagist.org/downloads/",
            "license": [
                "Apache-2.0"
            ],
            "authors": [
                {
                    "name": "Yuya Takeyama",
                    "email": "sign.of.the.wolf.pentagram@gmail.com"
                }
            ],
            "description": "Cross-language UserAgent classifier library, PHP implementation",
            "keywords": [
                "user agent",
                "useragent"
            ],
            "support": {
                "issues": "https://github.com/woothee/woothee-php/issues",
                "source": "https://github.com/woothee/woothee-php/tree/v1.10.0"
            },
            "time": "2019-05-20T05:21:47+00:00"
        }
    ],
    "packages-dev": [],
    "aliases": [],
    "minimum-stability": "stable",
    "stability-flags": [],
    "prefer-stable": false,
    "prefer-lowest": false,
    "platform": [],
    "platform-dev": [],
    "plugin-api-version": "2.6.0"
}
